
Microsoft Visual Studio Solution File, Format Version 12.00
# Visual Studio Version 17
VisualStudioVersion = 17.1.32228.430
MinimumVisualStudioVersion = 10.0.40219.1
Project("{FAE04EC0-301F-11D3-BF4B-00C04F79EFBC}") = "postacieLOL", "postacieLOL\postacieLOL.csproj", "{DE0D426E-BB07-427A-87DA-89429917C87D}"
EndProject
Global
	GlobalSection(SolutionConfigurationPlatforms) = preSolution
		Debug|Any CPU = Debug|Any CPU
		Release|Any CPU = Release|Any CPU
	EndGlobalSection
	GlobalSection(ProjectConfigurationPlatforms) = postSolution
		{DE0D426E-BB07-427A-87DA-89429917C87D}.Debug|Any CPU.ActiveCfg = Debug|Any CPU
		{DE0D426E-BB07-427A-87DA-89429917C87D}.Debug|Any CPU.Build.0 = Debug|Any CPU
		{DE0D426E-BB07-427A-87DA-89429917C87D}.Release|Any CPU.ActiveCfg = Release|Any CPU
		{DE0D426E-BB07-427A-87DA-89429917C87D}.Release|Any CPU.Build.0 = Release|Any CPU
	EndGlobalSection
	GlobalSection(SolutionProperties) = preSolution
		HideSolutionNode = FALSE
	EndGlobalSection
	GlobalSection(ExtensibilityGlobals) = postSolution
		SolutionGuid = {A688E0CF-7738-4E27-BE56-A7E70C5CA43D}
	EndGlobalSection
EndGlobal
